{
  "requires": true,
  "lockfileVersion": 1,
  "dependencies": {
    "weeknumber": {
      "version": "1.1.0",
      "resolved": "https://registry.npmjs.org/weeknumber/-/weeknumber-1.1.0.tgz",
      "integrity": "sha512-SPzAlIGPDVcgk6V3q8OJo82jx9Zldg3UusnoRhtrE342t1gN5R4jctU+at7HJy1BhCO4xRKjaA3QLkuoDoOKVA=="
    }
  }
}
